{
  "name": "ticky-api",
  "version": "1.0.0",
  "lockfileVersion": 3,
  "requires": true,
  "packages": {
    "": {
      "name": "ticky-api",
      "version": "1.0.0",
      "license": "ISC",
      "dependencies": {
        "@neondatabase/serverless": "^0.10.4",
        "bcryptjs": "^3.0.2",
        "cors": "^2.8.5",
        "dotenv": "^16.4.7",
        "express": "^4.21.2",
        "jsonwebtoken": "^9.0.2",
        "redis": "^5.11.0",
        "socket.io": "^4.8.1"
      },
      "devDependencies": {
        "nodemon": "^3.1.9"
      }
    },
    "node_modules/@neondatabase/serverless": {
      "version": "0.10.4",
      "resolved": "https://registry.npmjs.org/@neondatabase/serverless/-/serverless-0.10.4.tgz",
      "integrity": "sha512-2nZuh3VUO9voBauuh+IGYRhGU/MskWHt1IuZvHcJw6GLjDgtqj/KViKo7SIrLdGLdot7vFbiRRw+BgEy3wT9HA==",
      "license": "MIT",
      "dependencies": {
        "@types/pg": "8.11.6"
      }
    },
    "node_modules/@redis/bloom": {
      "version": "5.11.0",
      "resolved": "https://registry.npmjs.org/@redis/bloom/-/bloom-5.11.0.tgz",
      "integrity": "sha512-KYiVilAhAFN3057afUb/tfYJpsEyTkQB+tQcn5gVVA7DgcNOAj8lLxe4j8ov8BF6I9C1Fe/kwlbuAICcTMX8Lw==",
      "license": "MIT",
      "engines": {
        "node": ">= 18"
      },
      "peerDependencies": {
        "@redis/client": "^5.11.0"
      }
    },
    "node_modules/@redis/client": {
      "version": "5.11.0",
      "resolved": "https://registry.npmjs.org/@redis/client/-/client-5.11.0.tgz",
      "integrity": "sha512-GHoprlNQD51Xq2Ztd94HHV94MdFZQ3CVrpA04Fz8MVoHM0B7SlbmPEVIjwTbcv58z8QyjnrOuikS0rWF03k5dQ==",
      "license": "MIT",
      "dependencies": {
        "cluster-key-slot": "1.1.2"
      },
      "engines": {
        "node": ">= 18"
      },
      "peerDependencies": {
        "@node-rs/xxhash": "^1.1.0"
      },
      "peerDependenciesMeta": {
        "@node-rs/xxhash": {
          "optional": true
        }
      }
    },
    "node_modules/@redis/json": {
      "version": "5.11.0",
      "resolved": "https://registry.npmjs.org/@redis/json/-/json-5.11.0.tgz",
      "integrity": "sha512-1iAy9kAtcD0quB21RbPTbUqqy+T2Uu2JxucwE+B4A+VaDbIRvpZR6DMqV8Iqaws2YxJYB3GC5JVNzPYio2ErUg==",
      "license": "MIT",
      "engines": {
        "node": ">= 18"
      },
      "peerDependencies": {
        "@redis/client": "^5.11.0"
      }
    },
    "node_modules/@redis/search": {
      "version": "5.11.0",
      "resolved": "https://registry.npmjs.org/@redis/search/-/search-5.11.0.tgz",
      "integrity": "sha512-g1l7f3Rnyk/xI99oGHIgWHSKFl45Re5YTIcO8j/JE8olz389yUFyz2+A6nqVy/Zi031VgPDWscbbgOk8hlhZ3g==",
      "license": "MIT",
      "engines": {
        "node": ">= 18"
      },
      "peerDependencies": {
        "@redis/client": "^5.11.0"
      }
    },
    "node_modules/@redis/time-series": {
      "version": "5.11.0",
      "resolved": "https://registry.npmjs.org/@redis/time-series/-/time-series-5.11.0.tgz",
      "integrity": "sha512-TWFeOcU4xkj0DkndnOyhtxvX1KWD+78UHT3XX3x3XRBUGWeQrKo3jqzDsZwxbggUgf9yLJr/akFHXru66X5UQA==",
      "license": "MIT",
      "engines": {
        "node": ">= 18"
      },
      "peerDependencies": {
        "@redis/client": "^5.11.0"
      }
    },
    "node_modules/@socket.io/component-emitter": {
      "version": "3.1.2",
      "license": "MIT"
    },
    "node_modules/@types/cors": {
      "version": "2.8.17",
      "license": "MIT",
      "dependencies": {
        "@types/node": "*"
      }
    },
    "node_modules/@types/node": {
      "version": "22.13.5",
      "license": "MIT",
      "dependencies": {
        "undici-types": "~6.20.0"
      }
    },
    "node_modules/@types/pg": {
      "version": "8.11.6",
      "resolved": "https://registry.npmjs.org/@types/pg/-/pg-8.11.6.tgz",
      "integrity": "sha512-/2WmmBXHLsfRqzfHW7BNZ8SbYzE8OSk7i3WjFYvfgRHj7S1xj+16Je5fUKv3lVdVzk/zn9TXOqf+avFCFIE0yQ==",
      "license": "MIT",
      "dependencies": {
        "@types/node": "*",
        "pg-protocol": "*",
        "pg-types": "^4.0.1"
      }
    },
    "node_modules/@types/pg/node_modules/pg-types": {
      "version": "4.1.0",
      "resolved": "https://registry.npmjs.org/pg-types/-/pg-types-4.1.0.tgz",
      "integrity": "sha512-o2XFanIMy/3+mThw69O8d4n1E5zsLhdO+OPqswezu7Z5ekP4hYDqlDjlmOpYMbzY2Br0ufCwJLdDIXeNVwcWFg==",
      "license": "MIT",
      "dependencies": {
        "pg-int8": "1.0.1",
        "pg-numeric": "1.0.2",
        "postgres-array": "~3.0.1",
        "postgres-bytea": "~3.0.0",
        "postgres-date": "~2.1.0",
        "postgres-interval": "^3.0.0",
        "postgres-range": "^1.1.1"
      },
      "engines": {
        "node": ">=10"
      }
    },
    "node_modules/@types/pg/node_modules/postgres-array": {
      "version": "3.0.4",
      "resolved": "https://registry.npmjs.org/postgres-array/-/postgres-array-3.0.4.tgz",
      "integrity": "sha512-nAUSGfSDGOaOAEGwqsRY27GPOea7CNipJPOA7lPbdEpx5Kg3qzdP0AaWC5MlhTWV9s4hFX39nomVZ+C4tnGOJQ==",
      "license": "MIT",
      "engines": {
        "node": ">=12"
      }
    },
    "node_modules/@types/pg/node_modules/postgres-bytea": {
      "version": "3.0.0",
      "resolved": "https://registry.npmjs.org/postgres-bytea/-/postgres-bytea-3.0.0.tgz",
      "integrity": "sha512-CNd4jim9RFPkObHSjVHlVrxoVQXz7quwNFpz7RY1okNNme49+sVyiTvTRobiLV548Hx/hb1BG+iE7h9493WzFw==",
      "license": "MIT",
      "dependencies": {
        "obuf": "~1.1.2"
      },
      "engines": {
        "node": ">= 6"
      }
    },
    "node_modules/@types/pg/node_modules/postgres-date": {
      "version": "2.1.0",
      "resolved": "https://registry.npmjs.org/postgres-date/-/postgres-date-2.1.0.tgz",
      "integrity": "sha512-K7Juri8gtgXVcDfZttFKVmhglp7epKb1K4pgrkLxehjqkrgPhfG6OO8LHLkfaqkbpjNRnra018XwAr1yQFWGcA==",
      "license": "MIT",
      "engines": {
        "node": ">=12"
      }
    },
    "node_modules/@types/pg/node_modules/postgres-interval": {
      "version": "3.0.0",
      "resolved": "https://registry.npmjs.org/postgres-interval/-/postgres-interval-3.0.0.tgz",
      "integrity": "sha512-BSNDnbyZCXSxgA+1f5UU2GmwhoI0aU5yMxRGO8CdFEcY2BQF9xm/7MqKnYoM1nJDk8nONNWDk9WeSmePFhQdlw==",
      "license": "MIT",
      "engines": {
        "node": ">=12"
      }
    },
    "node_modules/accepts": {
      "version": "1.3.8",
      "license": "MIT",
      "dependencies": {
        "mime-types": "~2.1.34",
        "negotiator": "0.6.3"
      },
      "engines": {
        "node": ">= 0.6"
      }
    },
    "node_modules/anymatch": {
      "version": "3.1.3",
      "resolved": "https://registry.npmjs.org/anymatch/-/anymatch-3.1.3.tgz",
      "integrity": "sha512-KMReFUr0B4t+D+OBkjR3KYqvocp2XaSzO55UcB6mgQMd3KbcE+mWTyvVV7D/zsdEbNnV6acZUutkiHQXvTr1Rw==",
      "dev": true,
      "license": "ISC",
      "dependencies": {
        "normalize-path": "^3.0.0",
        "picomatch": "^2.0.4"
      },
      "engines": {
        "node": ">= 8"
      }
    },
    "node_modules/array-flatten": {
      "version": "1.1.1",
      "license": "MIT"
    },
    "node_modules/balanced-match": {
      "version": "4.0.4",
      "resolved": "https://registry.npmjs.org/balanced-match/-/balanced-match-4.0.4.tgz",
      "integrity": "sha512-BLrgEcRTwX2o6gGxGOCNyMvGSp35YofuYzw9h1IMTRmKqttAZZVU67bdb9Pr2vUHA8+j3i2tJfjO6C6+4myGTA==",
      "dev": true,
      "license": "MIT",
      "engines": {
        "node": "18 || 20 || >=22"
      }
    },
    "node_modules/base64id": {
      "version": "2.0.0",
      "license": "MIT",
      "engines": {
        "node": "^4.5.0 || >= 5.9"
      }
    },
    "node_modules/bcryptjs": {
      "version": "3.0.2",
      "license": "BSD-3-Clause",
      "bin": {
        "bcrypt": "bin/bcrypt"
      }
    },
    "node_modules/binary-extensions": {
      "version": "2.3.0",
      "resolved": "https://registry.npmjs.org/binary-extensions/-/binary-extensions-2.3.0.tgz",
      "integrity": "sha512-Ceh+7ox5qe7LJuLHoY0feh3pHuUDHAcRUeyL2VYghZwfpkNIy/+8Ocg0a3UuSoYzavmylwuLWQOf3hl0jjMMIw==",
      "dev": true,
      "license": "MIT",
      "engines": {
        "node": ">=8"
      },
      "funding": {
        "url": "https://github.com/sponsors/sindresorhus"
      }
    },
    "node_modules/body-parser": {
      "version": "1.20.3",
      "license": "MIT",
      "dependencies": {
        "bytes": "3.1.2",
        "content-type": "~1.0.5",
        "debug": "2.6.9",
        "depd": "2.0.0",
        "destroy": "1.2.0",
        "http-errors": "2.0.0",
        "iconv-lite": "0.4.24",
        "on-finished": "2.4.1",
        "qs": "6.13.0",
        "raw-body": "2.5.2",
        "type-is": "~1.6.18",
        "unpipe": "1.0.0"
      },
      "engines": {
        "node": ">= 0.8",
        "npm": "1.2.8000 || >= 1.4.16"
      }
    },
    "node_modules/body-parser/node_modules/debug": {
      "version": "2.6.9",
      "license": "MIT",
      "dependencies": {
        "ms": "2.0.0"
      }
    },
    "node_modules/body-parser/node_modules/ms": {
      "version": "2.0.0",
      "license": "MIT"
    },
    "node_modules/brace-expansion": {
      "version": "5.0.4",
      "resolved": "https://registry.npmjs.org/brace-expansion/-/brace-expansion-5.0.4.tgz",
      "integrity": "sha512-h+DEnpVvxmfVefa4jFbCf5HdH5YMDXRsmKflpf1pILZWRFlTbJpxeU55nJl4Smt5HQaGzg1o6RHFPJaOqnmBDg==",
      "dev": true,
      "license": "MIT",
      "dependencies": {
        "balanced-match": "^4.0.2"
      },
      "engines": {
        "node": "18 || 20 || >=22"
      }
    },
    "node_modules/braces": {
      "version": "3.0.3",
      "resolved": "https://registry.npmjs.org/braces/-/braces-3.0.3.tgz",
      "integrity": "sha512-yQbXgO/OSZVD2IsiLlro+7Hf6Q18EJrKSEsdoMzKePKXct3gvD8oLcOQdIzGupr5Fj+EDe8gO/lxc1BzfMpxvA==",
      "dev": true,
      "license": "MIT",
      "dependencies": {
        "fill-range": "^7.1.1"
      },
      "engines": {
        "node": ">=8"
      }
    },
    "node_modules/buffer-equal-constant-time": {
      "version": "1.0.1",
      "license": "BSD-3-Clause"
    },
    "node_modules/bytes": {
      "version": "3.1.2",
      "license": "MIT",
      "engines": {
        "node": ">= 0.8"
      }
    },
    "node_modules/call-bind-apply-helpers": {
      "version": "1.0.2",
      "license": "MIT",
      "dependencies": {
        "es-errors": "^1.3.0",
        "function-bind": "^1.1.2"
      },
      "engines": {
        "node": ">= 0.4"
      }
    },
    "node_modules/call-bound": {
      "version": "1.0.3",
      "license": "MIT",
      "dependencies": {
        "call-bind-apply-helpers": "^1.0.1",
        "get-intrinsic": "^1.2.6"
      },
      "engines": {
        "node": ">= 0.4"
      },
      "funding": {
        "url": "https://github.com/sponsors/ljharb"
      }
    },
    "node_modules/chokidar": {
      "version": "3.6.0",
      "resolved": "https://registry.npmjs.org/chokidar/-/chokidar-3.6.0.tgz",
      "integrity": "sha512-7VT13fmjotKpGipCW9JEQAusEPE+Ei8nl6/g4FBAmIm0GOOLMua9NDDo/DWp0ZAxCr3cPq5ZpBqmPAQgDda2Pw==",
      "dev": true,
      "license": "MIT",
      "dependencies": {
        "anymatch": "~3.1.2",
        "braces": "~3.0.2",
        "glob-parent": "~5.1.2",
        "is-binary-path": "~2.1.0",
        "is-glob": "~4.0.1",
        "normalize-path": "~3.0.0",
        "readdirp": "~3.6.0"
      },
      "engines": {
        "node": ">= 8.10.0"
      },
      "funding": {
        "url": "https://paulmillr.com/funding/"
      },
      "optionalDependencies": {
        "fsevents": "~2.3.2"
      }
    },
    "node_modules/cluster-key-slot": {
      "version": "1.1.2",
      "resolved": "https://registry.npmjs.org/cluster-key-slot/-/cluster-key-slot-1.1.2.tgz",
      "integrity": "sha512-RMr0FhtfXemyinomL4hrWcYJxmX6deFdCxpJzhDttxgO1+bcCnkk+9drydLVDmAMG7NE6aN/fl4F7ucU/90gAA==",
      "license": "Apache-2.0",
      "engines": {
        "node": ">=0.10.0"
      }
    },
    "node_modules/content-disposition": {
      "version": "0.5.4",
      "license": "MIT",
      "dependencies": {
        "safe-buffer": "5.2.1"
      },
      "engines": {
        "node": ">= 0.6"
      }
    },
    "node_modules/content-type": {
      "version": "1.0.5",
      "license": "MIT",
      "engines": {
        "node": ">= 0.6"
      }
    },
    "node_modules/cookie": {
      "version": "0.7.2",
      "license": "MIT",
      "engines": {
        "node": ">= 0.6"
      }
    },
    "node_modules/cookie-signature": {
      "version": "1.0.6",
      "license": "MIT"
    },
    "node_modules/cors": {
      "version": "2.8.5",
      "license": "MIT",
      "dependencies": {
        "object-assign": "^4",
        "vary": "^1"
      },
      "engines": {
        "node": ">= 0.10"
      }
    },
    "node_modules/debug": {
      "version": "4.3.7",
      "license": "MIT",
      "dependencies": {
        "ms": "^2.1.3"
      },
      "engines": {
        "node": ">=6.0"
      },
      "peerDependenciesMeta": {
        "supports-color": {
          "optional": true
        }
      }
    },
    "node_modules/depd": {
      "version": "2.0.0",
      "license": "MIT",
      "engines": {
        "node": ">= 0.8"
      }
    },
    "node_modules/destroy": {
      "version": "1.2.0",
      "license": "MIT",
      "engines": {
        "node": ">= 0.8",
        "npm": "1.2.8000 || >= 1.4.16"
      }
    },
    "node_modules/dotenv": {
      "version": "16.4.7",
      "license": "BSD-2-Clause",
      "engines": {
        "node": ">=12"
      },
      "funding": {
        "url": "https://dotenvx.com"
      }
    },
    "node_modules/dunder-proto": {
      "version": "1.0.1",
      "license": "MIT",
      "dependencies": {
        "call-bind-apply-helpers": "^1.0.1",
        "es-errors": "^1.3.0",
        "gopd": "^1.2.0"
      },
      "engines": {
        "node": ">= 0.4"
      }
    },
    "node_modules/ecdsa-sig-formatter": {
      "version": "1.0.11",
      "license": "Apache-2.0",
      "dependencies": {
        "safe-buffer": "^5.0.1"
      }
    },
    "node_modules/ee-first": {
      "version": "1.1.1",
      "license": "MIT"
    },
    "node_modules/encodeurl": {
      "version": "2.0.0",
      "license": "MIT",
      "engines": {
        "node": ">= 0.8"
      }
    },
    "node_modules/engine.io": {
      "version": "6.6.4",
      "license": "MIT",
      "dependencies": {
        "@types/cors": "^2.8.12",
        "@types/node": ">=10.0.0",
        "accepts": "~1.3.4",
        "base64id": "2.0.0",
        "cookie": "~0.7.2",
        "cors": "~2.8.5",
        "debug": "~4.3.1",
        "engine.io-parser": "~5.2.1",
        "ws": "~8.17.1"
      },
      "engines": {
        "node": ">=10.2.0"
      }
    },
    "node_modules/engine.io-parser": {
      "version": "5.2.3",
      "license": "MIT",
      "engines": {
        "node": ">=10.0.0"
      }
    },
    "node_modules/es-define-property": {
      "version": "1.0.1",
      "license": "MIT",
      "engines": {
        "node": ">= 0.4"
      }
    },
    "node_modules/es-errors": {
      "version": "1.3.0",
      "license": "MIT",
      "engines": {
        "node": ">= 0.4"
      }
    },
    "node_modules/es-object-atoms": {
      "version": "1.1.1",
      "license": "MIT",
      "dependencies": {
        "es-errors": "^1.3.0"
      },
      "engines": {
        "node": ">= 0.4"
      }
    },
    "node_modules/escape-html": {
      "version": "1.0.3",
      "license": "MIT"
    },
    "node_modules/etag": {
      "version": "1.8.1",
      "license": "MIT",
      "engines": {
        "node": ">= 0.6"
      }
    },
    "node_modules/express": {
      "version": "4.21.2",
      "license": "MIT",
      "dependencies": {
        "accepts": "~1.3.8",
        "array-flatten": "1.1.1",
        "body-parser": "1.20.3",
        "content-disposition": "0.5.4",
        "content-type": "~1.0.4",
        "cookie": "0.7.1",
        "cookie-signature": "1.0.6",
        "debug": "2.6.9",
        "depd": "2.0.0",
        "encodeurl": "~2.0.0",
        "escape-html": "~1.0.3",
        "etag": "~1.8.1",
        "finalhandler": "1.3.1",
        "fresh": "0.5.2",
        "http-errors": "2.0.0",
        "merge-descriptors": "1.0.3",
        "methods": "~1.1.2",
        "on-finished": "2.4.1",
        "parseurl": "~1.3.3",
        "path-to-regexp": "0.1.12",
        "proxy-addr": "~2.0.7",
        "qs": "6.13.0",
        "range-parser": "~1.2.1",
        "safe-buffer": "5.2.1",
        "send": "0.19.0",
        "serve-static": "1.16.2",
        "setprototypeof": "1.2.0",
        "statuses": "2.0.1",
        "type-is": "~1.6.18",
        "utils-merge": "1.0.1",
        "vary": "~1.1.2"
      },
      "engines": {
        "node": ">= 0.10.0"
      },
      "funding": {
        "type": "opencollective",
        "url": "https://opencollective.com/express"
      }
    },
    "node_modules/express/node_modules/cookie": {
      "version": "0.7.1",
      "license": "MIT",
      "engines": {
        "node": ">= 0.6"
      }
    },
    "node_modules/express/node_modules/debug": {
      "version": "2.6.9",
      "license": "MIT",
      "dependencies": {
        "ms": "2.0.0"
      }
    },
    "node_modules/express/node_modules/ms": {
      "version": "2.0.0",
      "license": "MIT"
    },
    "node_modules/fill-range": {
      "version": "7.1.1",
      "resolved": "https://registry.npmjs.org/fill-range/-/fill-range-7.1.1.tgz",
      "integrity": "sha512-YsGpe3WHLK8ZYi4tWDg2Jy3ebRz2rXowDxnld4bkQB00cc/1Zw9AWnC0i9ztDJitivtQvaI9KaLyKrc+hBW0yg==",
      "dev": true,
      "license": "MIT",
      "dependencies": {
        "to-regex-range": "^5.0.1"
      },
      "engines": {
        "node": ">=8"
      }
    },
    "node_modules/finalhandler": {
      "version": "1.3.1",
      "license": "MIT",
      "dependencies": {
        "debug": "2.6.9",
        "encodeurl": "~2.0.0",
        "escape-html": "~1.0.3",
        "on-finished": "2.4.1",
        "parseurl": "~1.3.3",
        "statuses": "2.0.1",
        "unpipe": "~1.0.0"
      },
      "engines": {
        "node": ">= 0.8"
      }
    },
    "node_modules/finalhandler/node_modules/debug": {
      "version": "2.6.9",
      "license": "MIT",
      "dependencies": {
        "ms": "2.0.0"
      }
    },
    "node_modules/finalhandler/node_modules/ms": {
      "version": "2.0.0",
      "license": "MIT"
    },
    "node_modules/forwarded": {
      "version": "0.2.0",
      "license": "MIT",
      "engines": {
        "node": ">= 0.6"
      }
    },
    "node_modules/fresh": {
      "version": "0.5.2",
      "license": "MIT",
      "engines": {
        "node": ">= 0.6"
      }
    },
    "node_modules/fsevents": {
      "version": "2.3.3",
      "resolved": "https://registry.npmjs.org/fsevents/-/fsevents-2.3.3.tgz",
      "integrity": "sha512-5xoDfX+fL7faATnagmWPpbFtwh/R77WmMMqqHGS65C3vvB0YHrgF+B1YmZ3441tMj5n63k0212XNoJwzlhffQw==",
      "dev": true,
      "hasInstallScript": true,
      "license": "MIT",
      "optional": true,
      "os": [
        "darwin"
      ],
      "engines": {
        "node": "^8.16.0 || ^10.6.0 || >=11.0.0"
      }
    },
    "node_modules/function-bind": {
      "version": "1.1.2",
      "license": "MIT",
      "funding": {
        "url": "https://github.com/sponsors/ljharb"
      }
    },
    "node_modules/get-intrinsic": {
      "version": "1.3.0",
      "license": "MIT",
      "dependencies": {
        "call-bind-apply-helpers": "^1.0.2",
        "es-define-property": "^1.0.1",
        "es-errors": "^1.3.0",
        "es-object-atoms": "^1.1.1",
        "function-bind": "^1.1.2",
        "get-proto": "^1.0.1",
        "gopd": "^1.2.0",
        "has-symbols": "^1.1.0",
        "hasown": "^2.0.2",
        "math-intrinsics": "^1.1.0"
      },
      "engines": {
        "node": ">= 0.4"
      },
      "funding": {
        "url": "https://github.com/sponsors/ljharb"
      }
    },
    "node_modules/get-proto": {
      "version": "1.0.1",
      "license": "MIT",
      "dependencies": {
        "dunder-proto": "^1.0.1",
        "es-object-atoms": "^1.0.0"
      },
      "engines": {
        "node": ">= 0.4"
      }
    },
    "node_modules/glob-parent": {
      "version": "5.1.2",
      "resolved": "https://registry.npmjs.org/glob-parent/-/glob-parent-5.1.2.tgz",
      "integrity": "sha512-AOIgSQCepiJYwP3ARnGx+5VnTu2HBYdzbGP45eLw1vr3zB3vZLeyed1sC9hnbcOc9/SrMyM5RPQrkGz4aS9Zow==",
      "dev": true,
      "license": "ISC",
      "dependencies": {
        "is-glob": "^4.0.1"
      },
      "engines": {
        "node": ">= 6"
      }
    },
    "node_modules/gopd": {
      "version": "1.2.0",
      "license": "MIT",
      "engines": {
        "node": ">= 0.4"
      },
      "funding": {
        "url": "https://github.com/sponsors/ljharb"
      }
    },
    "node_modules/has-flag": {
      "version": "3.0.0",
      "resolved": "https://registry.npmjs.org/has-flag/-/has-flag-3.0.0.tgz",
      "integrity": "sha512-sKJf1+ceQBr4SMkvQnBDNDtf4TXpVhVGateu0t918bl30FnbE2m4vNLX+VWe/dpjlb+HugGYzW7uQXH98HPEYw==",
      "dev": true,
      "license": "MIT",
      "engines": {
        "node": ">=4"
      }
    },
    "node_modules/has-symbols": {
      "version": "1.1.0",
      "license": "MIT",
      "engines": {
        "node": ">= 0.4"
      },
      "funding": {
        "url": "https://github.com/sponsors/ljharb"
      }
    },
    "node_modules/hasown": {
      "version": "2.0.2",
      "license": "MIT",
      "dependencies": {
        "function-bind": "^1.1.2"
      },
      "engines": {
        "node": ">= 0.4"
      }
    },
    "node_modules/http-errors": {
      "version": "2.0.0",
      "license": "MIT",
      "dependencies": {
        "depd": "2.0.0",
        "inherits": "2.0.4",
        "setprototypeof": "1.2.0",
        "statuses": "2.0.1",
        "toidentifier": "1.0.1"
      },
      "engines": {
        "node": ">= 0.8"
      }
    },
    "node_modules/iconv-lite": {
      "version": "0.4.24",
      "license": "MIT",
      "dependencies": {
        "safer-buffer": ">= 2.1.2 < 3"
      },
      "engines": {
        "node": ">=0.10.0"
      }
    },
    "node_modules/ignore-by-default": {
      "version": "1.0.1",
      "resolved": "https://registry.npmjs.org/ignore-by-default/-/ignore-by-default-1.0.1.tgz",
      "integrity": "sha512-Ius2VYcGNk7T90CppJqcIkS5ooHUZyIQK+ClZfMfMNFEF9VSE73Fq+906u/CWu92x4gzZMWOwfFYckPObzdEbA==",
      "dev": true,
      "license": "ISC"
    },
    "node_modules/inherits": {
      "version": "2.0.4",
      "license": "ISC"
    },
    "node_modules/ipaddr.js": {
      "version": "1.9.1",
      "license": "MIT",
      "engines": {
        "node": ">= 0.10"
      }
    },
    "node_modules/is-binary-path": {
      "version": "2.1.0",
      "resolved": "https://registry.npmjs.org/is-binary-path/-/is-binary-path-2.1.0.tgz",
      "integrity": "sha512-ZMERYes6pDydyuGidse7OsHxtbI7WVeUEozgR/g7rd0xUimYNlvZRE/K2MgZTjWy725IfelLeVcEM97mmtRGXw==",
      "dev": true,
      "license": "MIT",
      "dependencies": {
        "binary-extensions": "^2.0.0"
      },
      "engines": {
        "node": ">=8"
      }
    },
    "node_modules/is-extglob": {
      "version": "2.1.1",
      "resolved": "https://registry.npmjs.org/is-extglob/-/is-extglob-2.1.1.tgz",
      "integrity": "sha512-SbKbANkN603Vi4jEZv49LeVJMn4yGwsbzZworEoyEiutsN3nJYdbO36zfhGJ6QEDpOZIFkDtnq5JRxmvl3jsoQ==",
      "dev": true,
      "license": "MIT",
      "engines": {
        "node": ">=0.10.0"
      }
    },
    "node_modules/is-glob": {
      "version": "4.0.3",
      "resolved": "https://registry.npmjs.org/is-glob/-/is-glob-4.0.3.tgz",
      "integrity": "sha512-xelSayHH36ZgE7ZWhli7pW34hNbNl8Ojv5KVmkJD4hBdD3th8Tfk9vYasLM+mXWOZhFkgZfxhLSnrwRr4elSSg==",
      "dev": true,
      "license": "MIT",
      "dependencies": {
        "is-extglob": "^2.1.1"
      },
      "engines": {
        "node": ">=0.10.0"
      }
    },
    "node_modules/is-number": {
      "version": "7.0.0",
      "resolved": "https://registry.npmjs.org/is-number/-/is-number-7.0.0.tgz",
      "integrity": "sha512-41Cifkg6e8TylSpdtTpeLVMqvSBEVzTttHvERD741+pnZ8ANv0004MRL43QKPDlK9cGvNp6NZWZUBlbGXYxxng==",
      "dev": true,
      "license": "MIT",
      "engines": {
        "node": ">=0.12.0"
      }
    },
    "node_modules/jsonwebtoken": {
      "version": "9.0.2",
      "license": "MIT",
      "dependencies": {
        "jws": "^3.2.2",
        "lodash.includes": "^4.3.0",
        "lodash.isboolean": "^3.0.3",
        "lodash.isinteger": "^4.0.4",
        "lodash.isnumber": "^3.0.3",
        "lodash.isplainobject": "^4.0.6",
        "lodash.isstring": "^4.0.1",
        "lodash.once": "^4.0.0",
        "ms": "^2.1.1",
        "semver": "^7.5.4"
      },
      "engines": {
        "node": ">=12",
        "npm": ">=6"
      }
    },
    "node_modules/jwa": {
      "version": "1.4.1",
      "license": "MIT",
      "dependencies": {
        "buffer-equal-constant-time": "1.0.1",
        "ecdsa-sig-formatter": "1.0.11",
        "safe-buffer": "^5.0.1"
      }
    },
    "node_modules/jws": {
      "version": "3.2.2",
      "license": "MIT",
      "dependencies": {
        "jwa": "^1.4.1",
        "safe-buffer": "^5.0.1"
      }
    },
    "node_modules/lodash.includes": {
      "version": "4.3.0",
      "license": "MIT"
    },
    "node_modules/lodash.isboolean": {
      "version": "3.0.3",
      "license": "MIT"
    },
    "node_modules/lodash.isinteger": {
      "version": "4.0.4",
      "license": "MIT"
    },
    "node_modules/lodash.isnumber": {
      "version": "3.0.3",
      "license": "MIT"
    },
    "node_modules/lodash.isplainobject": {
      "version": "4.0.6",
      "license": "MIT"
    },
    "node_modules/lodash.isstring": {
      "version": "4.0.1",
      "license": "MIT"
    },
    "node_modules/lodash.once": {
      "version": "4.1.1",
      "license": "MIT"
    },
    "node_modules/math-intrinsics": {
      "version": "1.1.0",
      "license": "MIT",
      "engines": {
        "node": ">= 0.4"
      }
    },
    "node_modules/media-typer": {
      "version": "0.3.0",
      "license": "MIT",
      "engines": {
        "node": ">= 0.6"
      }
    },
    "node_modules/merge-descriptors": {
      "version": "1.0.3",
      "license": "MIT",
      "funding": {
        "url": "https://github.com/sponsors/sindresorhus"
      }
    },
    "node_modules/methods": {
      "version": "1.1.2",
      "license": "MIT",
      "engines": {
        "node": ">= 0.6"
      }
    },
    "node_modules/mime": {
      "version": "1.6.0",
      "license": "MIT",
      "bin": {
        "mime": "cli.js"
      },
      "engines": {
        "node": ">=4"
      }
    },
    "node_modules/mime-db": {
      "version": "1.52.0",
      "license": "MIT",
      "engines": {
        "node": ">= 0.6"
      }
    },
    "node_modules/mime-types": {
      "version": "2.1.35",
      "license": "MIT",
      "dependencies": {
        "mime-db": "1.52.0"
      },
      "engines": {
        "node": ">= 0.6"
      }
    },
    "node_modules/minimatch": {
      "version": "10.2.4",
      "resolved": "https://registry.npmjs.org/minimatch/-/minimatch-10.2.4.tgz",
      "integrity": "sha512-oRjTw/97aTBN0RHbYCdtF1MQfvusSIBQM0IZEgzl6426+8jSC0nF1a/GmnVLpfB9yyr6g6FTqWqiZVbxrtaCIg==",
      "dev": true,
      "license": "BlueOak-1.0.0",
      "dependencies": {
        "brace-expansion": "^5.0.2"
      },
      "engines": {
        "node": "18 || 20 || >=22"
      },
      "funding": {
        "url": "https://github.com/sponsors/isaacs"
      }
    },
    "node_modules/ms": {
      "version": "2.1.3",
      "license": "MIT"
    },
    "node_modules/negotiator": {
      "version": "0.6.3",
      "license": "MIT",
      "engines": {
        "node": ">= 0.6"
      }
    },
    "node_modules/nodemon": {
      "version": "3.1.14",
      "resolved": "https://registry.npmjs.org/nodemon/-/nodemon-3.1.14.tgz",
      "integrity": "sha512-jakjZi93UtB3jHMWsXL68FXSAosbLfY0In5gtKq3niLSkrWznrVBzXFNOEMJUfc9+Ke7SHWoAZsiMkNP3vq6Jw==",
      "dev": true,
      "license": "MIT",
      "dependencies": {
        "chokidar": "^3.5.2",
        "debug": "^4",
        "ignore-by-default": "^1.0.1",
        "minimatch": "^10.2.1",
        "pstree.remy": "^1.1.8",
        "semver": "^7.5.3",
        "simple-update-notifier": "^2.0.0",
        "supports-color": "^5.5.0",
        "touch": "^3.1.0",
        "undefsafe": "^2.0.5"
      },
      "bin": {
        "nodemon": "bin/nodemon.js"
      },
      "engines": {
        "node": ">=10"
      },
      "funding": {
        "type": "opencollective",
        "url": "https://opencollective.com/nodemon"
      }
    },
    "node_modules/normalize-path": {
      "version": "3.0.0",
      "resolved": "https://registry.npmjs.org/normalize-path/-/normalize-path-3.0.0.tgz",
      "integrity": "sha512-6eZs5Ls3WtCisHWp9S2GUy8dqkpGi4BVSz3GaqiE6ezub0512ESztXUwUB6C6IKbQkY2Pnb/mD4WYojCRwcwLA==",
      "dev": true,
      "license": "MIT",
      "engines": {
        "node": ">=0.10.0"
      }
    },
    "node_modules/object-assign": {
      "version": "4.1.1",
      "license": "MIT",
      "engines": {
        "node": ">=0.10.0"
      }
    },
    "node_modules/object-inspect": {
      "version": "1.13.4",
      "license": "MIT",
      "engines": {
        "node": ">= 0.4"
      },
      "funding": {
        "url": "https://github.com/sponsors/ljharb"
      }
    },
    "node_modules/obuf": {
      "version": "1.1.2",
      "resolved": "https://registry.npmjs.org/obuf/-/obuf-1.1.2.tgz",
      "integrity": "sha512-PX1wu0AmAdPqOL1mWhqmlOd8kOIZQwGZw6rh7uby9fTc5lhaOWFLX3I6R1hrF9k3zUY40e6igsLGkDXK92LJNg==",
      "license": "MIT"
    },
    "node_modules/on-finished": {
      "version": "2.4.1",
      "license": "MIT",
      "dependencies": {
        "ee-first": "1.1.1"
      },
      "engines": {
        "node": ">= 0.8"
      }
    },
    "node_modules/parseurl": {
      "version": "1.3.3",
      "license": "MIT",
      "engines": {
        "node": ">= 0.8"
      }
    },
    "node_modules/path-to-regexp": {
      "version": "0.1.12",
      "license": "MIT"
    },
    "node_modules/pg-int8": {
      "version": "1.0.1",
      "license": "ISC",
      "engines": {
        "node": ">=4.0.0"
      }
    },
    "node_modules/pg-numeric": {
      "version": "1.0.2",
      "resolved": "https://registry.npmjs.org/pg-numeric/-/pg-numeric-1.0.2.tgz",
      "integrity": "sha512-BM/Thnrw5jm2kKLE5uJkXqqExRUY/toLHda65XgFTBTFYZyopbKjBe29Ii3RbkvlsMoFwD+tHeGaCjjv0gHlyw==",
      "license": "ISC",
      "engines": {
        "node": ">=4"
      }
    },
    "node_modules/pg-protocol": {
      "version": "1.8.0",
      "license": "MIT"
    },
    "node_modules/picomatch": {
      "version": "2.3.1",
      "resolved": "https://registry.npmjs.org/picomatch/-/picomatch-2.3.1.tgz",
      "integrity": "sha512-JU3teHTNjmE2VCGFzuY8EXzCDVwEqB2a8fsIvwaStHhAWJEeVd1o1QD80CU6+ZdEXXSLbSsuLwJjkCBWqRQUVA==",
      "dev": true,
      "license": "MIT",
      "engines": {
        "node": ">=8.6"
      },
      "funding": {
        "url": "https://github.com/sponsors/jonschlinkert"
      }
    },
    "node_modules/postgres-range": {
      "version": "1.1.4",
      "resolved": "https://registry.npmjs.org/postgres-range/-/postgres-range-1.1.4.tgz",
      "integrity": "sha512-i/hbxIE9803Alj/6ytL7UHQxRvZkI9O4Sy+J3HGc4F4oo/2eQAjTSNJ0bfxyse3bH0nuVesCk+3IRLaMtG3H6w==",
      "license": "MIT"
    },
    "node_modules/proxy-addr": {
      "version": "2.0.7",
      "license": "MIT",
      "dependencies": {
        "forwarded": "0.2.0",
        "ipaddr.js": "1.9.1"
      },
      "engines": {
        "node": ">= 0.10"
      }
    },
    "node_modules/pstree.remy": {
      "version": "1.1.8",
      "resolved": "https://registry.npmjs.org/pstree.remy/-/pstree.remy-1.1.8.tgz",
      "integrity": "sha512-77DZwxQmxKnu3aR542U+X8FypNzbfJ+C5XQDk3uWjWxn6151aIMGthWYRXTqT1E5oJvg+ljaa2OJi+VfvCOQ8w==",
      "dev": true,
      "license": "MIT"
    },
    "node_modules/qs": {
      "version": "6.13.0",
      "license": "BSD-3-Clause",
      "dependencies": {
        "side-channel": "^1.0.6"
      },
      "engines": {
        "node": ">=0.6"
      },
      "funding": {
        "url": "https://github.com/sponsors/ljharb"
      }
    },
    "node_modules/range-parser": {
      "version": "1.2.1",
      "license": "MIT",
      "engines": {
        "node": ">= 0.6"
      }
    },
    "node_modules/raw-body": {
      "version": "2.5.2",
      "license": "MIT",
      "dependencies": {
        "bytes": "3.1.2",
        "http-errors": "2.0.0",
        "iconv-lite": "0.4.24",
        "unpipe": "1.0.0"
      },
      "engines": {
        "node": ">= 0.8"
      }
    },
    "node_modules/readdirp": {
      "version": "3.6.0",
      "resolved": "https://registry.npmjs.org/readdirp/-/readdirp-3.6.0.tgz",
      "integrity": "sha512-hOS089on8RduqdbhvQ5Z37A0ESjsqz6qnRcffsMU3495FuTdqSm+7bhJ29JvIOsBDEEnan5DPu9t3To9VRlMzA==",
      "dev": true,
      "license": "MIT",
      "dependencies": {
        "picomatch": "^2.2.1"
      },
      "engines": {
        "node": ">=8.10.0"
      }
    },
    "node_modules/redis": {
      "version": "5.11.0",
      "resolved": "https://registry.npmjs.org/redis/-/redis-5.11.0.tgz",
      "integrity": "sha512-YwXjATVDT+AuxcyfOwZn046aml9jMlQPvU1VXIlLDVAExe0u93aTfPYSeRgG4p9Q/Jlkj+LXJ1XEoFV+j2JKcQ==",
      "license": "MIT",
      "dependencies": {
        "@redis/bloom": "5.11.0",
        "@redis/client": "5.11.0",
        "@redis/json": "5.11.0",
        "@redis/search": "5.11.0",
        "@redis/time-series": "5.11.0"
      },
      "engines": {
        "node": ">= 18"
      }
    },
    "node_modules/safe-buffer": {
      "version": "5.2.1",
      "funding": [
        {
          "type": "github",
          "url": "https://github.com/sponsors/feross"
        },
        {
          "type": "patreon",
          "url": "https://www.patreon.com/feross"
        },
        {
          "type": "consulting",
          "url": "https://feross.org/support"
        }
      ],
      "license": "MIT"
    },
    "node_modules/safer-buffer": {
      "version": "2.1.2",
      "license": "MIT"
    },
    "node_modules/semver": {
      "version": "7.7.1",
      "license": "ISC",
      "bin": {
        "semver": "bin/semver.js"
      },
      "engines": {
        "node": ">=10"
      }
    },
    "node_modules/send": {
      "version": "0.19.0",
      "license": "MIT",
      "dependencies": {
        "debug": "2.6.9",
        "depd": "2.0.0",
        "destroy": "1.2.0",
        "encodeurl": "~1.0.2",
        "escape-html": "~1.0.3",
        "etag": "~1.8.1",
        "fresh": "0.5.2",
        "http-errors": "2.0.0",
        "mime": "1.6.0",
        "ms": "2.1.3",
        "on-finished": "2.4.1",
        "range-parser": "~1.2.1",
        "statuses": "2.0.1"
      },
      "engines": {
        "node": ">= 0.8.0"
      }
    },
    "node_modules/send/node_modules/debug": {
      "version": "2.6.9",
      "license": "MIT",
      "dependencies": {
        "ms": "2.0.0"
      }
    },
    "node_modules/send/node_modules/debug/node_modules/ms": {
      "version": "2.0.0",
      "license": "MIT"
    },
    "node_modules/send/node_modules/encodeurl": {
      "version": "1.0.2",
      "license": "MIT",
      "engines": {
        "node": ">= 0.8"
      }
    },
    "node_modules/serve-static": {
      "version": "1.16.2",
      "license": "MIT",
      "dependencies": {
        "encodeurl": "~2.0.0",
        "escape-html": "~1.0.3",
        "parseurl": "~1.3.3",
        "send": "0.19.0"
      },
      "engines": {
        "node": ">= 0.8.0"
      }
    },
    "node_modules/setprototypeof": {
      "version": "1.2.0",
      "license": "ISC"
    },
    "node_modules/side-channel": {
      "version": "1.1.0",
      "license": "MIT",
      "dependencies": {
        "es-errors": "^1.3.0",
        "object-inspect": "^1.13.3",
        "side-channel-list": "^1.0.0",
        "side-channel-map": "^1.0.1",
        "side-channel-weakmap": "^1.0.2"
      },
      "engines": {
        "node": ">= 0.4"
      },
      "funding": {
        "url": "https://github.com/sponsors/ljharb"
      }
    },
    "node_modules/side-channel-list": {
      "version": "1.0.0",
      "license": "MIT",
      "dependencies": {
        "es-errors": "^1.3.0",
        "object-inspect": "^1.13.3"
      },
      "engines": {
        "node": ">= 0.4"
      },
      "funding": {
        "url": "https://github.com/sponsors/ljharb"
      }
    },
    "node_modules/side-channel-map": {
      "version": "1.0.1",
      "license": "MIT",
      "dependencies": {
        "call-bound": "^1.0.2",
        "es-errors": "^1.3.0",
        "get-intrinsic": "^1.2.5",
        "object-inspect": "^1.13.3"
      },
      "engines": {
        "node": ">= 0.4"
      },
      "funding": {
        "url": "https://github.com/sponsors/ljharb"
      }
    },
    "node_modules/side-channel-weakmap": {
      "version": "1.0.2",
      "license": "MIT",
      "dependencies": {
        "call-bound": "^1.0.2",
        "es-errors": "^1.3.0",
        "get-intrinsic": "^1.2.5",
        "object-inspect": "^1.13.3",
        "side-channel-map": "^1.0.1"
      },
      "engines": {
        "node": ">= 0.4"
      },
      "funding": {
        "url": "https://github.com/sponsors/ljharb"
      }
    },
    "node_modules/simple-update-notifier": {
      "version": "2.0.0",
      "resolved": "https://registry.npmjs.org/simple-update-notifier/-/simple-update-notifier-2.0.0.tgz",
      "integrity": "sha512-a2B9Y0KlNXl9u/vsW6sTIu9vGEpfKu2wRV6l1H3XEas/0gUIzGzBoP/IouTcUQbm9JWZLH3COxyn03TYlFax6w==",
      "dev": true,
      "license": "MIT",
      "dependencies": {
        "semver": "^7.5.3"
      },
      "engines": {
        "node": ">=10"
      }
    },
    "node_modules/socket.io": {
      "version": "4.8.1",
      "license": "MIT",
      "dependencies": {
        "accepts": "~1.3.4",
        "base64id": "~2.0.0",
        "cors": "~2.8.5",
        "debug": "~4.3.2",
        "engine.io": "~6.6.0",
        "socket.io-adapter": "~2.5.2",
        "socket.io-parser": "~4.2.4"
      },
      "engines": {
        "node": ">=10.2.0"
      }
    },
    "node_modules/socket.io-adapter": {
      "version": "2.5.5",
      "license": "MIT",
      "dependencies": {
        "debug": "~4.3.4",
        "ws": "~8.17.1"
      }
    },
    "node_modules/socket.io-parser": {
      "version": "4.2.4",
      "license": "MIT",
      "dependencies": {
        "@socket.io/component-emitter": "~3.1.0",
        "debug": "~4.3.1"
      },
      "engines": {
        "node": ">=10.0.0"
      }
    },
    "node_modules/statuses": {
      "version": "2.0.1",
      "license": "MIT",
      "engines": {
        "node": ">= 0.8"
      }
    },
    "node_modules/supports-color": {
      "version": "5.5.0",
      "resolved": "https://registry.npmjs.org/supports-color/-/supports-color-5.5.0.tgz",
      "integrity": "sha512-QjVjwdXIt408MIiAqCX4oUKsgU2EqAGzs2Ppkm4aQYbjm+ZEWEcW4SfFNTr4uMNZma0ey4f5lgLrkB0aX0QMow==",
      "dev": true,
      "license": "MIT",
      "dependencies": {
        "has-flag": "^3.0.0"
      },
      "engines": {
        "node": ">=4"
      }
    },
    "node_modules/to-regex-range": {
      "version": "5.0.1",
      "resolved": "https://registry.npmjs.org/to-regex-range/-/to-regex-range-5.0.1.tgz",
      "integrity": "sha512-65P7iz6X5yEr1cwcgvQxbbIw7Uk3gOy5dIdtZ4rDveLqhrdJP+Li/Hx6tyK0NEb+2GCyneCMJiGqrADCSNk8sQ==",
      "dev": true,
      "license": "MIT",
      "dependencies": {
        "is-number": "^7.0.0"
      },
      "engines": {
        "node": ">=8.0"
      }
    },
    "node_modules/toidentifier": {
      "version": "1.0.1",
      "license": "MIT",
      "engines": {
        "node": ">=0.6"
      }
    },
    "node_modules/touch": {
      "version": "3.1.1",
      "resolved": "https://registry.npmjs.org/touch/-/touch-3.1.1.tgz",
      "integrity": "sha512-r0eojU4bI8MnHr8c5bNo7lJDdI2qXlWWJk6a9EAFG7vbhTjElYhBVS3/miuE0uOuoLdb8Mc/rVfsmm6eo5o9GA==",
      "dev": true,
      "license": "ISC",
      "bin": {
        "nodetouch": "bin/nodetouch.js"
      }
    },
    "node_modules/type-is": {
      "version": "1.6.18",
      "license": "MIT",
      "dependencies": {
        "media-typer": "0.3.0",
        "mime-types": "~2.1.24"
      },
      "engines": {
        "node": ">= 0.6"
      }
    },
    "node_modules/undefsafe": {
      "version": "2.0.5",
      "resolved": "https://registry.npmjs.org/undefsafe/-/undefsafe-2.0.5.tgz",
      "integrity": "sha512-WxONCrssBM8TSPRqN5EmsjVrsv4A8X12J4ArBiiayv3DyyG3ZlIg6yysuuSYdZsVz3TKcTg2fd//Ujd4CHV1iA==",
      "dev": true,
      "license": "MIT"
    },
    "node_modules/undici-types": {
      "version": "6.20.0",
      "license": "MIT"
    },
    "node_modules/unpipe": {
      "version": "1.0.0",
      "license": "MIT",
      "engines": {
        "node": ">= 0.8"
      }
    },
    "node_modules/utils-merge": {
      "version": "1.0.1",
      "license": "MIT",
      "engines": {
        "node": ">= 0.4.0"
      }
    },
    "node_modules/vary": {
      "version": "1.1.2",
      "license": "MIT",
      "engines": {
        "node": ">= 0.8"
      }
    },
    "node_modules/ws": {
      "version": "8.17.1",
      "license": "MIT",
      "engines": {
        "node": ">=10.0.0"
      },
      "peerDependencies": {
        "bufferutil": "^4.0.1",
        "utf-8-validate": ">=5.0.2"
      },
      "peerDependenciesMeta": {
        "bufferutil": {
          "optional": true
        },
        "utf-8-validate": {
          "optional": true
        }
      }
    }
  }
}
